
Microsoft Visual Studio Solution File, Format Version 12.00
# Visual Studio Version 17
VisualStudioVersion = 17.2.32505.173
MinimumVisualStudioVersion = 10.0.40219.1
Project("{FAE04EC0-301F-11D3-BF4B-00C04F79EFBC}") = "csiit.Android", "csiit.Android\csiit.Android.csproj", "{DF68E7AB-891A-4A80-B5C2-14B30230EB0A}"
EndProject
Project("{FAE04EC0-301F-11D3-BF4B-00C04F79EFBC}") = "csiit.iOS", "csiit.iOS\csiit.iOS.csproj", "{7F967478-2661-4DD9-B436-C3DDF2B8894C}"
EndProject
Project("{FAE04EC0-301F-11D3-BF4B-00C04F79EFBC}") = "csiit", "csiit\csiit.csproj", "{59D2ADD9-E33E-4616-9603-8AC37F98EE85}"
EndProject
Global
	GlobalSection(SolutionConfigurationPlatforms) = preSolution
		Debug|Any CPU = Debug|Any CPU
		Debug|iPhone = Debug|iPhone
		Debug|iPhoneSimulator = Debug|iPhoneSimulator
		Release|Any CPU = Release|Any CPU
		Release|iPhone = Release|iPhone
		Release|iPhoneSimulator = Release|iPhoneSimulator
	EndGlobalSection
	GlobalSection(ProjectConfigurationPlatforms) = postSolution
		{DF68E7AB-891A-4A80-B5C2-14B30230EB0A}.Debug|Any CPU.ActiveCfg = Debug|Any CPU
		{DF68E7AB-891A-4A80-B5C2-14B30230EB0A}.Debug|Any CPU.Build.0 = Debug|Any CPU
		{DF68E7AB-891A-4A80-B5C2-14B30230EB0A}.Debug|Any CPU.Deploy.0 = Debug|Any CPU
		{DF68E7AB-891A-4A80-B5C2-14B30230EB0A}.Debug|iPhone.ActiveCfg = Debug|Any CPU
		{DF68E7AB-891A-4A80-B5C2-14B30230EB0A}.Debug|iPhone.Build.0 = Debug|Any CPU
		{DF68E7AB-891A-4A80-B5C2-14B30230EB0A}.Debug|iPhone.Deploy.0 = Debug|Any CPU
		{DF68E7AB-891A-4A80-B5C2-14B30230EB0A}.Debug|iPhoneSimulator.ActiveCfg = Debug|Any CPU
		{DF68E7AB-891A-4A80-B5C2-14B30230EB0A}.Debug|iPhoneSimulator.Build.0 = Debug|Any CPU
		{DF68E7AB-891A-4A80-B5C2-14B30230EB0A}.Debug|iPhoneSimulator.Deploy.0 = Debug|Any CPU
		{DF68E7AB-891A-4A80-B5C2-14B30230EB0A}.Release|Any CPU.ActiveCfg = Release|Any CPU
		{DF68E7AB-891A-4A80-B5C2-14B30230EB0A}.Release|Any CPU.Build.0 = Release|Any CPU
		{DF68E7AB-891A-4A80-B5C2-14B30230EB0A}.Release|Any CPU.Deploy.0 = Release|Any CPU
		{DF68E7AB-891A-4A80-B5C2-14B30230EB0A}.Release|iPhone.ActiveCfg = Release|Any CPU
		{DF68E7AB-891A-4A80-B5C2-14B30230EB0A}.Release|iPhone.Build.0 = Release|Any CPU
		{DF68E7AB-891A-4A80-B5C2-14B30230EB0A}.Release|iPhone.Deploy.0 = Release|Any CPU
		{DF68E7AB-891A-4A80-B5C2-14B30230EB0A}.Release|iPhoneSimulator.ActiveCfg = Release|Any CPU
		{DF68E7AB-891A-4A80-B5C2-14B30230EB0A}.Release|iPhoneSimulator.Build.0 = Release|Any CPU
		{DF68E7AB-891A-4A80-B5C2-14B30230EB0A}.Release|iPhoneSimulator.Deploy.0 = Release|Any CPU
		{7F967478-2661-4DD9-B436-C3DDF2B8894C}.Debug|Any CPU.ActiveCfg = Debug|iPhone
		{7F967478-2661-4DD9-B436-C3DDF2B8894C}.Debug|Any CPU.Build.0 = Debug|iPhone
		{7F967478-2661-4DD9-B436-C3DDF2B8894C}.Debug|Any CPU.Deploy.0 = Debug|iPhone
		{7F967478-2661-4DD9-B436-C3DDF2B8894C}.Debug|iPhone.ActiveCfg = Debug|iPhone
		{7F967478-2661-4DD9-B436-C3DDF2B8894C}.Debug|iPhone.Build.0 = Debug|iPhone
		{7F967478-2661-4DD9-B436-C3DDF2B8894C}.Debug|iPhone.Deploy.0 = Debug|iPhone
		{7F967478-2661-4DD9-B436-C3DDF2B8894C}.Debug|iPhoneSimulator.ActiveCfg = Debug|iPhoneSimulator
		{7F967478-2661-4DD9-B436-C3DDF2B8894C}.Debug|iPhoneSimulator.Build.0 = Debug|iPhoneSimulator
		{7F967478-2661-4DD9-B436-C3DDF2B8894C}.Debug|iPhoneSimulator.Deploy.0 = Debug|iPhoneSimulator
		{7F967478-2661-4DD9-B436-C3DDF2B8894C}.Release|Any CPU.ActiveCfg = Release|iPhoneSimulator
		{7F967478-2661-4DD9-B436-C3DDF2B8894C}.Release|Any CPU.Build.0 = Release|iPhoneSimulator
		{7F967478-2661-4DD9-B436-C3DDF2B8894C}.Release|Any CPU.Deploy.0 = Release|iPhoneSimulator
		{7F967478-2661-4DD9-B436-C3DDF2B8894C}.Release|iPhone.ActiveCfg = Release|iPhone
		{7F967478-2661-4DD9-B436-C3DDF2B8894C}.Release|iPhone.Build.0 = Release|iPhone
		{7F967478-2661-4DD9-B436-C3DDF2B8894C}.Release|iPhone.Deploy.0 = Release|iPhone
		{7F967478-2661-4DD9-B436-C3DDF2B8894C}.Release|iPhoneSimulator.ActiveCfg = Release|iPhoneSimulator
		{7F967478-2661-4DD9-B436-C3DDF2B8894C}.Release|iPhoneSimulator.Build.0 = Release|iPhoneSimulator
		{7F967478-2661-4DD9-B436-C3DDF2B8894C}.Release|iPhoneSimulator.Deploy.0 = Release|iPhoneSimulator
		{59D2ADD9-E33E-4616-9603-8AC37F98EE85}.Debug|Any CPU.ActiveCfg = Debug|Any CPU
		{59D2ADD9-E33E-4616-9603-8AC37F98EE85}.Debug|Any CPU.Build.0 = Debug|Any CPU
		{59D2ADD9-E33E-4616-9603-8AC37F98EE85}.Debug|Any CPU.Deploy.0 = Debug|Any CPU
		{59D2ADD9-E33E-4616-9603-8AC37F98EE85}.Debug|iPhone.ActiveCfg = Debug|Any CPU
		{59D2ADD9-E33E-4616-9603-8AC37F98EE85}.Debug|iPhone.Build.0 = Debug|Any CPU
		{59D2ADD9-E33E-4616-9603-8AC37F98EE85}.Debug|iPhone.Deploy.0 = Debug|Any CPU
		{59D2ADD9-E33E-4616-9603-8AC37F98EE85}.Debug|iPhoneSimulator.ActiveCfg = Debug|Any CPU
		{59D2ADD9-E33E-4616-9603-8AC37F98EE85}.Debug|iPhoneSimulator.Build.0 = Debug|Any CPU
		{59D2ADD9-E33E-4616-9603-8AC37F98EE85}.Debug|iPhoneSimulator.Deploy.0 = Debug|Any CPU
		{59D2ADD9-E33E-4616-9603-8AC37F98EE85}.Release|Any CPU.ActiveCfg = Release|Any CPU
		{59D2ADD9-E33E-4616-9603-8AC37F98EE85}.Release|Any CPU.Build.0 = Release|Any CPU
		{59D2ADD9-E33E-4616-9603-8AC37F98EE85}.Release|Any CPU.Deploy.0 = Release|Any CPU
		{59D2ADD9-E33E-4616-9603-8AC37F98EE85}.Release|iPhone.ActiveCfg = Release|Any CPU
		{59D2ADD9-E33E-4616-9603-8AC37F98EE85}.Release|iPhone.Build.0 = Release|Any CPU
		{59D2ADD9-E33E-4616-9603-8AC37F98EE85}.Release|iPhone.Deploy.0 = Release|Any CPU
		{59D2ADD9-E33E-4616-9603-8AC37F98EE85}.Release|iPhoneSimulator.ActiveCfg = Release|Any CPU
		{59D2ADD9-E33E-4616-9603-8AC37F98EE85}.Release|iPhoneSimulator.Build.0 = Release|Any CPU
		{59D2ADD9-E33E-4616-9603-8AC37F98EE85}.Release|iPhoneSimulator.Deploy.0 = Release|Any CPU
	EndGlobalSection
	GlobalSection(SolutionProperties) = preSolution
		HideSolutionNode = FALSE
	EndGlobalSection
	GlobalSection(ExtensibilityGlobals) = postSolution
		SolutionGuid = {43D3A0FF-E06A-4F77-BB86-73F6E21E7104}
	EndGlobalSection
EndGlobal
